
Microsoft Visual Studio Solution File, Format Version 12.00
# Visual Studio Version 16
VisualStudioVersion = 16.0.31702.278
MinimumVisualStudioVersion = 10.0.40219.1
Project("{9A19103F-16F7-4668-BE54-9A1E7A4F7556}") = "MainLibrary", "MainLibrary\MainLibrary.csproj", "{A78CA4E0-E7DB-4860-AEE7-79B8F2588445}"
EndProject
Project("{9A19103F-16F7-4668-BE54-9A1E7A4F7556}") = "Client", "Client\Client.csproj", "{9C1963B9-FD9B-4CD0-8409-D8B648C42F6D}"
EndProject
Project("{9A19103F-16F7-4668-BE54-9A1E7A4F7556}") = "Server", "Server\Server.csproj", "{70466EA0-5C5D-4409-AE5A-44B1E5C0FDFF}"
EndProject
Project("{9A19103F-16F7-4668-BE54-9A1E7A4F7556}") = "TestWork", "TestWork\TestWork.csproj", "{6F7CFD43-C297-4A8B-A825-A3B61FABB0C2}"
EndProject
Project("{9A19103F-16F7-4668-BE54-9A1E7A4F7556}") = "ClientShell", "ClientShell\ClientShell.csproj", "{6228F071-DF07-4BDC-9187-DD14D6A2C2C6}"
EndProject
Project("{9A19103F-16F7-4668-BE54-9A1E7A4F7556}") = "LifeWork", "LifeWork\LifeWork.csproj", "{B77A4668-9D3D-41F8-86C2-EF4B21F48C0D}"
EndProject
Project("{FAE04EC0-301F-11D3-BF4B-00C04F79EFBC}") = "TestProject", "TestProject\TestProject.csproj", "{14D29C80-17B2-4A9F-891C-D3F60F5B9F47}"
EndProject
Global
	GlobalSection(SolutionConfigurationPlatforms) = preSolution
		Debug|Any CPU = Debug|Any CPU
		Release|Any CPU = Release|Any CPU
	EndGlobalSection
	GlobalSection(ProjectConfigurationPlatforms) = postSolution
		{A78CA4E0-E7DB-4860-AEE7-79B8F2588445}.Debug|Any CPU.ActiveCfg = Debug|Any CPU
		{A78CA4E0-E7DB-4860-AEE7-79B8F2588445}.Debug|Any CPU.Build.0 = Debug|Any CPU
		{A78CA4E0-E7DB-4860-AEE7-79B8F2588445}.Release|Any CPU.ActiveCfg = Release|Any CPU
		{A78CA4E0-E7DB-4860-AEE7-79B8F2588445}.Release|Any CPU.Build.0 = Release|Any CPU
		{9C1963B9-FD9B-4CD0-8409-D8B648C42F6D}.Debug|Any CPU.ActiveCfg = Debug|Any CPU
		{9C1963B9-FD9B-4CD0-8409-D8B648C42F6D}.Debug|Any CPU.Build.0 = Debug|Any CPU
		{9C1963B9-FD9B-4CD0-8409-D8B648C42F6D}.Release|Any CPU.ActiveCfg = Release|Any CPU
		{9C1963B9-FD9B-4CD0-8409-D8B648C42F6D}.Release|Any CPU.Build.0 = Release|Any CPU
		{70466EA0-5C5D-4409-AE5A-44B1E5C0FDFF}.Debug|Any CPU.ActiveCfg = Debug|Any CPU
		{70466EA0-5C5D-4409-AE5A-44B1E5C0FDFF}.Debug|Any CPU.Build.0 = Debug|Any CPU
		{70466EA0-5C5D-4409-AE5A-44B1E5C0FDFF}.Release|Any CPU.ActiveCfg = Release|Any CPU
		{70466EA0-5C5D-4409-AE5A-44B1E5C0FDFF}.Release|Any CPU.Build.0 = Release|Any CPU
		{6F7CFD43-C297-4A8B-A825-A3B61FABB0C2}.Debug|Any CPU.ActiveCfg = Debug|Any CPU
		{6F7CFD43-C297-4A8B-A825-A3B61FABB0C2}.Debug|Any CPU.Build.0 = Debug|Any CPU
		{6F7CFD43-C297-4A8B-A825-A3B61FABB0C2}.Release|Any CPU.ActiveCfg = Release|Any CPU
		{6F7CFD43-C297-4A8B-A825-A3B61FABB0C2}.Release|Any CPU.Build.0 = Release|Any CPU
		{6228F071-DF07-4BDC-9187-DD14D6A2C2C6}.Debug|Any CPU.ActiveCfg = Debug|Any CPU
		{6228F071-DF07-4BDC-9187-DD14D6A2C2C6}.Debug|Any CPU.Build.0 = Debug|Any CPU
		{6228F071-DF07-4BDC-9187-DD14D6A2C2C6}.Release|Any CPU.ActiveCfg = Release|Any CPU
		{6228F071-DF07-4BDC-9187-DD14D6A2C2C6}.Release|Any CPU.Build.0 = Release|Any CPU
		{B77A4668-9D3D-41F8-86C2-EF4B21F48C0D}.Debug|Any CPU.ActiveCfg = Debug|Any CPU
		{B77A4668-9D3D-41F8-86C2-EF4B21F48C0D}.Debug|Any CPU.Build.0 = Debug|Any CPU
		{B77A4668-9D3D-41F8-86C2-EF4B21F48C0D}.Release|Any CPU.ActiveCfg = Release|Any CPU
		{B77A4668-9D3D-41F8-86C2-EF4B21F48C0D}.Release|Any CPU.Build.0 = Release|Any CPU
		{14D29C80-17B2-4A9F-891C-D3F60F5B9F47}.Debug|Any CPU.ActiveCfg = Debug|Any CPU
		{14D29C80-17B2-4A9F-891C-D3F60F5B9F47}.Debug|Any CPU.Build.0 = Debug|Any CPU
		{14D29C80-17B2-4A9F-891C-D3F60F5B9F47}.Release|Any CPU.ActiveCfg = Release|Any CPU
		{14D29C80-17B2-4A9F-891C-D3F60F5B9F47}.Release|Any CPU.Build.0 = Release|Any CPU
	EndGlobalSection
	GlobalSection(SolutionProperties) = preSolution
		HideSolutionNode = FALSE
	EndGlobalSection
	GlobalSection(ExtensibilityGlobals) = postSolution
		SolutionGuid = {B534AB22-44CA-4936-B5BF-1D4DBC73B668}
	EndGlobalSection
EndGlobal
